
Microsoft Visual Studio Solution File, Format Version 12.00
# Visual Studio Version 16
VisualStudioVersion = 16.0.29609.76
MinimumVisualStudioVersion = 10.0.40219.1
Project("{8BC9CEB8-8B4A-11D0-8D11-00A0C91BC942}") = "Day1Puzzle1", "Day1Puzzle1\Day1Puzzle1.vcxproj", "{517CBDDE-7A21-4D2C-A5B4-607354841748}"
EndProject
Project("{8BC9CEB8-8B4A-11D0-8D11-00A0C91BC942}") = "Day1Puzzle2", "Day1Puzzle2\Day1Puzzle2.vcxproj", "{C2FCA699-B148-447F-9DC5-F1CB5EE2B6FE}"
EndProject
Project("{8BC9CEB8-8B4A-11D0-8D11-00A0C91BC942}") = "Day2Puzzle1", "Day2Puzzle1\Day2Puzzle1.vcxproj", "{EF5BB961-DC2B-40B9-A3C2-DAC91C0D2D0F}"
EndProject
Project("{8BC9CEB8-8B4A-11D0-8D11-00A0C91BC942}") = "Day2Puzzle2", "Day2Puzzle2\Day2Puzzle2.vcxproj", "{CB57E768-C413-42C5-8FE0-AD664712B65F}"
EndProject
Project("{8BC9CEB8-8B4A-11D0-8D11-00A0C91BC942}") = "Day3Puzzle1", "Day3Puzzle1\Day3Puzzle1.vcxproj", "{FE871925-85D7-4FC5-803C-D1E937098798}"
EndProject
Project("{8BC9CEB8-8B4A-11D0-8D11-00A0C91BC942}") = "Day3Puzzle2", "Day3Puzzle2\Day3Puzzle2.vcxproj", "{B132E1B6-9768-429A-BF50-796D06A09707}"
EndProject
Project("{8BC9CEB8-8B4A-11D0-8D11-00A0C91BC942}") = "Day4Puzzle1", "Day4Puzzle1\Day4Puzzle1.vcxproj", "{CCD6C064-31E9-4BD7-A1AC-7D62D14B3A62}"
EndProject
Project("{8BC9CEB8-8B4A-11D0-8D11-00A0C91BC942}") = "Day4Puzzle2", "Day4Puzzle2\Day4Puzzle2.vcxproj", "{ADC72C4E-3DBF-4367-A151-7028ED26EBF2}"
EndProject
Project("{8BC9CEB8-8B4A-11D0-8D11-00A0C91BC942}") = "Day5Puzzle1", "Day5Puzzle1\Day5Puzzle1.vcxproj", "{72AEC9DF-A0E2-4793-B70E-8D248D5778D3}"
EndProject
Project("{8BC9CEB8-8B4A-11D0-8D11-00A0C91BC942}") = "Day5Puzzle2", "Day5Puzzle2\Day5Puzzle2.vcxproj", "{8B541C08-D642-4148-874C-2F7F5102841B}"
EndProject
Project("{8BC9CEB8-8B4A-11D0-8D11-00A0C91BC942}") = "Day6Puzzle1", "Day6Puzzle1\Day6Puzzle1.vcxproj", "{66B04D4A-292A-4DF0-A45E-0B7075CC0CFE}"
EndProject
Project("{8BC9CEB8-8B4A-11D0-8D11-00A0C91BC942}") = "Day6Puzzle2", "Day6Puzzle2\Day6Puzzle2.vcxproj", "{65E7ED94-F7F9-44B8-B71F-7B721E0B6096}"
EndProject
Project("{8BC9CEB8-8B4A-11D0-8D11-00A0C91BC942}") = "Day7Puzzle1", "Day7Puzzle1\Day7Puzzle1.vcxproj", "{EEFB43B6-F14D-4E61-8DB9-3B44BFCF06A1}"
EndProject
Project("{8BC9CEB8-8B4A-11D0-8D11-00A0C91BC942}") = "Day7Puzzle2", "Day7Puzzle2\Day7Puzzle2.vcxproj", "{B0DFC6D0-BCB7-4047-B912-8B75AD0EE7EB}"
EndProject
Project("{8BC9CEB8-8B4A-11D0-8D11-00A0C91BC942}") = "Day8Puzzle1", "Day8Puzzle1\Day8Puzzle1.vcxproj", "{71F3C5B2-09A1-4DC7-836C-403B61BD4AEA}"
EndProject
Project("{8BC9CEB8-8B4A-11D0-8D11-00A0C91BC942}") = "Day8Puzzle2", "Day8Puzzle2\Day8Puzzle2.vcxproj", "{11FDF65E-C4F0-4261-9111-D5C86602CEC2}"
EndProject
Project("{8BC9CEB8-8B4A-11D0-8D11-00A0C91BC942}") = "Day9Puzzle1", "Day9Puzzle1\Day9Puzzle1.vcxproj", "{15B760A4-6091-42C9-A57F-5273B679E8B9}"
EndProject
Project("{8BC9CEB8-8B4A-11D0-8D11-00A0C91BC942}") = "Day9Puzzle2", "Day9Puzzle2\Day9Puzzle2.vcxproj", "{22ADA96D-9A59-4904-BF9E-757A15E01E8D}"
EndProject
Project("{8BC9CEB8-8B4A-11D0-8D11-00A0C91BC942}") = "Day10Puzzle1", "Day10Puzzle1\Day10Puzzle1.vcxproj", "{A6EFCCC6-874A-4E86-B43D-EFA8083816B3}"
EndProject
Project("{8BC9CEB8-8B4A-11D0-8D11-00A0C91BC942}") = "Day10Puzzle2", "Day10Puzzle2\Day10Puzzle2.vcxproj", "{716CAD2E-7696-4079-B8BE-F124E32E5049}"
EndProject
Project("{8BC9CEB8-8B4A-11D0-8D11-00A0C91BC942}") = "Day11Puzzle1", "Day11Puzzle1\Day11Puzzle1.vcxproj", "{B06CC8AD-350A-4579-97D7-22C51C61398E}"
EndProject
Project("{8BC9CEB8-8B4A-11D0-8D11-00A0C91BC942}") = "Day11Puzzle2", "Day11Puzzle2\Day11Puzzle2.vcxproj", "{028C8693-960B-41DA-BA01-5AFC5BD20172}"
EndProject
Project("{8BC9CEB8-8B4A-11D0-8D11-00A0C91BC942}") = "Day12Puzzle1", "Day12Puzzle1\Day12Puzzle1.vcxproj", "{AE833E29-AEFE-4465-A7E9-9039045456F8}"
EndProject
Project("{8BC9CEB8-8B4A-11D0-8D11-00A0C91BC942}") = "Day12Puzzle2", "Day12Puzzle2\Day12Puzzle2.vcxproj", "{5F4218F6-2A82-4092-87C1-8D0A256F95A8}"
EndProject
Project("{8BC9CEB8-8B4A-11D0-8D11-00A0C91BC942}") = "Day13Puzzle1", "Day13Puzzle1\Day13Puzzle1.vcxproj", "{6D08A677-07F3-43B1-8370-8724D6725ABF}"
EndProject
Project("{8BC9CEB8-8B4A-11D0-8D11-00A0C91BC942}") = "Day13Puzzle2", "Day13Puzzle2\Day13Puzzle2.vcxproj", "{664B8C0A-6DA6-42B8-A566-05CA3240F952}"
EndProject
Project("{8BC9CEB8-8B4A-11D0-8D11-00A0C91BC942}") = "Day14Puzzle1", "Day14Puzzle1\Day14Puzzle1.vcxproj", "{69DD3F95-FDAD-4D35-B10B-3C483C5FC5A8}"
EndProject
Project("{8BC9CEB8-8B4A-11D0-8D11-00A0C91BC942}") = "Day14Puzzle2", "Day14Puzzle2\Day14Puzzle2.vcxproj", "{C9366FF4-B922-43D0-9F9C-95099192BEEC}"
EndProject
Project("{8BC9CEB8-8B4A-11D0-8D11-00A0C91BC942}") = "Day15Puzzle1", "Day15Puzzle1\Day15Puzzle1.vcxproj", "{B6B756CC-0C0A-447D-8AA0-22D5C373522A}"
EndProject
Project("{8BC9CEB8-8B4A-11D0-8D11-00A0C91BC942}") = "Day15Puzzle2", "Day15Puzzle2\Day15Puzzle2.vcxproj", "{EF20FE39-1637-4625-9C6A-4F3CA33C6320}"
EndProject
Project("{8BC9CEB8-8B4A-11D0-8D11-00A0C91BC942}") = "Day16Puzzle1", "Day16Puzzle1\Day16Puzzle1.vcxproj", "{E440B29A-043C-407D-8531-5B61A1BAFF64}"
EndProject
Project("{8BC9CEB8-8B4A-11D0-8D11-00A0C91BC942}") = "Day16Puzzle2", "Day16Puzzle2\Day16Puzzle2.vcxproj", "{403075A4-968E-4BFE-82BD-94068C6026A3}"
EndProject
Project("{8BC9CEB8-8B4A-11D0-8D11-00A0C91BC942}") = "Day17Puzzle1", "Day17Puzzle1\Day17Puzzle1.vcxproj", "{9E5FED97-F509-4F09-BCC8-EE81ED2C985B}"
EndProject
Project("{8BC9CEB8-8B4A-11D0-8D11-00A0C91BC942}") = "Day17Puzzle2", "Day17Puzzle2\Day17Puzzle2.vcxproj", "{32F20156-412D-4EA9-A9A0-C105B79A920F}"
EndProject
Project("{8BC9CEB8-8B4A-11D0-8D11-00A0C91BC942}") = "Day18Puzzle1", "Day18Puzzle1\Day18Puzzle1.vcxproj", "{1B0440E2-860A-43FC-BC91-4F06B360C0E2}"
EndProject
Project("{8BC9CEB8-8B4A-11D0-8D11-00A0C91BC942}") = "Day18Puzzle2", "Day18Puzzle2\Day18Puzzle2.vcxproj", "{2717CA76-5159-444B-B992-88EF4A04112C}"
EndProject
Project("{8BC9CEB8-8B4A-11D0-8D11-00A0C91BC942}") = "Day19Puzzle1", "Day19Puzzle1\Day19Puzzle1.vcxproj", "{02DAC77D-AAD2-439B-A31D-201E3747174A}"
EndProject
Project("{8BC9CEB8-8B4A-11D0-8D11-00A0C91BC942}") = "Day19Puzzle2", "Day19Puzzle2\Day19Puzzle2.vcxproj", "{B60C231D-A038-4EBF-A642-1CEAA92EEA70}"
EndProject
Project("{8BC9CEB8-8B4A-11D0-8D11-00A0C91BC942}") = "Day20Puzzle1", "Day20Puzzle1\Day20Puzzle1.vcxproj", "{95BAAB60-FCBB-4C33-8CA0-CED9987D9572}"
EndProject
Project("{8BC9CEB8-8B4A-11D0-8D11-00A0C91BC942}") = "Day20Puzzle2", "Day20Puzzle2\Day20Puzzle2.vcxproj", "{1E91FFCD-45E2-4C36-8A04-B09A3059DFC6}"
EndProject
Project("{8BC9CEB8-8B4A-11D0-8D11-00A0C91BC942}") = "Day21Puzzle1", "Day21Puzzle1\Day21Puzzle1.vcxproj", "{A9AECA26-471A-4ABA-918F-20C05DEB83AA}"
EndProject
Project("{8BC9CEB8-8B4A-11D0-8D11-00A0C91BC942}") = "Day21Puzzle2", "Day21Puzzle2\Day21Puzzle2.vcxproj", "{1D71CCFE-2F95-457E-B58A-25D2F09A2003}"
EndProject
Project("{8BC9CEB8-8B4A-11D0-8D11-00A0C91BC942}") = "Day22Puzzle1", "Day22Puzzle1\Day22Puzzle1.vcxproj", "{AF24071C-5C6B-48C8-BFF6-8562F39CFECA}"
EndProject
Project("{8BC9CEB8-8B4A-11D0-8D11-00A0C91BC942}") = "Day22Puzzle2", "Day22Puzzle2\Day22Puzzle2.vcxproj", "{92F85B95-6EC6-430B-8234-8EB2772B8626}"
EndProject
Project("{8BC9CEB8-8B4A-11D0-8D11-00A0C91BC942}") = "Day23Puzzle1", "Day23Puzzle1\Day23Puzzle1.vcxproj", "{F01F3232-0A88-44E5-8CD6-10278A4537DC}"
EndProject
Project("{8BC9CEB8-8B4A-11D0-8D11-00A0C91BC942}") = "Day23Puzzle2", "Day23Puzzle2\Day23Puzzle2.vcxproj", "{658F21CC-135A-4CB6-8125-17E8A5EE25EC}"
EndProject
Project("{8BC9CEB8-8B4A-11D0-8D11-00A0C91BC942}") = "Day24Puzzle1", "Day24Puzzle1\Day24Puzzle1.vcxproj", "{971ADC49-B7A3-41E8-B349-477178755C2A}"
EndProject
Project("{8BC9CEB8-8B4A-11D0-8D11-00A0C91BC942}") = "Day24Puzzle2", "Day24Puzzle2\Day24Puzzle2.vcxproj", "{304D36E2-D2FB-4C73-B46A-399B8376D466}"
EndProject
Project("{8BC9CEB8-8B4A-11D0-8D11-00A0C91BC942}") = "Day25Puzzle1", "Day25Puzzle1\Day25Puzzle1.vcxproj", "{0A3FD74E-C518-4E3F-84C3-D2EF66941657}"
EndProject
Project("{8BC9CEB8-8B4A-11D0-8D11-00A0C91BC942}") = "Day25Puzzle2", "Day25Puzzle2\Day25Puzzle2.vcxproj", "{4339230D-F065-43F8-B257-385B5F2A9C40}"
EndProject
Global
	GlobalSection(SolutionConfigurationPlatforms) = preSolution
		Debug|x64 = Debug|x64
		Debug|x86 = Debug|x86
		Release|x64 = Release|x64
		Release|x86 = Release|x86
	EndGlobalSection
	GlobalSection(ProjectConfigurationPlatforms) = postSolution
		{517CBDDE-7A21-4D2C-A5B4-607354841748}.Debug|x64.ActiveCfg = Debug|x64
		{517CBDDE-7A21-4D2C-A5B4-607354841748}.Debug|x64.Build.0 = Debug|x64
		{517CBDDE-7A21-4D2C-A5B4-607354841748}.Debug|x86.ActiveCfg = Debug|Win32
		{517CBDDE-7A21-4D2C-A5B4-607354841748}.Debug|x86.Build.0 = Debug|Win32
		{517CBDDE-7A21-4D2C-A5B4-607354841748}.Release|x64.ActiveCfg = Release|x64
		{517CBDDE-7A21-4D2C-A5B4-607354841748}.Release|x64.Build.0 = Release|x64
		{517CBDDE-7A21-4D2C-A5B4-607354841748}.Release|x86.ActiveCfg = Release|Win32
		{517CBDDE-7A21-4D2C-A5B4-607354841748}.Release|x86.Build.0 = Release|Win32
		{C2FCA699-B148-447F-9DC5-F1CB5EE2B6FE}.Debug|x64.ActiveCfg = Debug|x64
		{C2FCA699-B148-447F-9DC5-F1CB5EE2B6FE}.Debug|x64.Build.0 = Debug|x64
		{C2FCA699-B148-447F-9DC5-F1CB5EE2B6FE}.Debug|x86.ActiveCfg = Debug|Win32
		{C2FCA699-B148-447F-9DC5-F1CB5EE2B6FE}.Debug|x86.Build.0 = Debug|Win32
		{C2FCA699-B148-447F-9DC5-F1CB5EE2B6FE}.Release|x64.ActiveCfg = Release|x64
		{C2FCA699-B148-447F-9DC5-F1CB5EE2B6FE}.Release|x64.Build.0 = Release|x64
		{C2FCA699-B148-447F-9DC5-F1CB5EE2B6FE}.Release|x86.ActiveCfg = Release|Win32
		{C2FCA699-B148-447F-9DC5-F1CB5EE2B6FE}.Release|x86.Build.0 = Release|Win32
		{EF5BB961-DC2B-40B9-A3C2-DAC91C0D2D0F}.Debug|x64.ActiveCfg = Debug|x64
		{EF5BB961-DC2B-40B9-A3C2-DAC91C0D2D0F}.Debug|x64.Build.0 = Debug|x64
		{EF5BB961-DC2B-40B9-A3C2-DAC91C0D2D0F}.Debug|x86.ActiveCfg = Debug|Win32
		{EF5BB961-DC2B-40B9-A3C2-DAC91C0D2D0F}.Debug|x86.Build.0 = Debug|Win32
		{EF5BB961-DC2B-40B9-A3C2-DAC91C0D2D0F}.Release|x64.ActiveCfg = Release|x64
		{EF5BB961-DC2B-40B9-A3C2-DAC91C0D2D0F}.Release|x64.Build.0 = Release|x64
		{EF5BB961-DC2B-40B9-A3C2-DAC91C0D2D0F}.Release|x86.ActiveCfg = Release|Win32
		{EF5BB961-DC2B-40B9-A3C2-DAC91C0D2D0F}.Release|x86.Build.0 = Release|Win32
		{CB57E768-C413-42C5-8FE0-AD664712B65F}.Debug|x64.ActiveCfg = Debug|x64
		{CB57E768-C413-42C5-8FE0-AD664712B65F}.Debug|x64.Build.0 = Debug|x64
		{CB57E768-C413-42C5-8FE0-AD664712B65F}.Debug|x86.ActiveCfg = Debug|Win32
		{CB57E768-C413-42C5-8FE0-AD664712B65F}.Debug|x86.Build.0 = Debug|Win32
		{CB57E768-C413-42C5-8FE0-AD664712B65F}.Release|x64.ActiveCfg = Release|x64
		{CB57E768-C413-42C5-8FE0-AD664712B65F}.Release|x64.Build.0 = Release|x64
		{CB57E768-C413-42C5-8FE0-AD664712B65F}.Release|x86.ActiveCfg = Release|Win32
		{CB57E768-C413-42C5-8FE0-AD664712B65F}.Release|x86.Build.0 = Release|Win32
		{FE871925-85D7-4FC5-803C-D1E937098798}.Debug|x64.ActiveCfg = Debug|x64
		{FE871925-85D7-4FC5-803C-D1E937098798}.Debug|x64.Build.0 = Debug|x64
		{FE871925-85D7-4FC5-803C-D1E937098798}.Debug|x86.ActiveCfg = Debug|Win32
		{FE871925-85D7-4FC5-803C-D1E937098798}.Debug|x86.Build.0 = Debug|Win32
		{FE871925-85D7-4FC5-803C-D1E937098798}.Release|x64.ActiveCfg = Release|x64
		{FE871925-85D7-4FC5-803C-D1E937098798}.Release|x64.Build.0 = Release|x64
		{FE871925-85D7-4FC5-803C-D1E937098798}.Release|x86.ActiveCfg = Release|Win32
		{FE871925-85D7-4FC5-803C-D1E937098798}.Release|x86.Build.0 = Release|Win32
		{B132E1B6-9768-429A-BF50-796D06A09707}.Debug|x64.ActiveCfg = Debug|x64
		{B132E1B6-9768-429A-BF50-796D06A09707}.Debug|x64.Build.0 = Debug|x64
		{B132E1B6-9768-429A-BF50-796D06A09707}.Debug|x86.ActiveCfg = Debug|Win32
		{B132E1B6-9768-429A-BF50-796D06A09707}.Debug|x86.Build.0 = Debug|Win32
		{B132E1B6-9768-429A-BF50-796D06A09707}.Release|x64.ActiveCfg = Release|x64
		{B132E1B6-9768-429A-BF50-796D06A09707}.Release|x64.Build.0 = Release|x64
		{B132E1B6-9768-429A-BF50-796D06A09707}.Release|x86.ActiveCfg = Release|Win32
		{B132E1B6-9768-429A-BF50-796D06A09707}.Release|x86.Build.0 = Release|Win32
		{CCD6C064-31E9-4BD7-A1AC-7D62D14B3A62}.Debug|x64.ActiveCfg = Debug|x64
		{CCD6C064-31E9-4BD7-A1AC-7D62D14B3A62}.Debug|x64.Build.0 = Debug|x64
		{CCD6C064-31E9-4BD7-A1AC-7D62D14B3A62}.Debug|x86.ActiveCfg = Debug|Win32
		{CCD6C064-31E9-4BD7-A1AC-7D62D14B3A62}.Debug|x86.Build.0 = Debug|Win32
		{CCD6C064-31E9-4BD7-A1AC-7D62D14B3A62}.Release|x64.ActiveCfg = Release|x64
		{CCD6C064-31E9-4BD7-A1AC-7D62D14B3A62}.Release|x64.Build.0 = Release|x64
		{CCD6C064-31E9-4BD7-A1AC-7D62D14B3A62}.Release|x86.ActiveCfg = Release|Win32
		{CCD6C064-31E9-4BD7-A1AC-7D62D14B3A62}.Release|x86.Build.0 = Release|Win32
		{ADC72C4E-3DBF-4367-A151-7028ED26EBF2}.Debug|x64.ActiveCfg = Debug|x64
		{ADC72C4E-3DBF-4367-A151-7028ED26EBF2}.Debug|x64.Build.0 = Debug|x64
		{ADC72C4E-3DBF-4367-A151-7028ED26EBF2}.Debug|x86.ActiveCfg = Debug|Win32
		{ADC72C4E-3DBF-4367-A151-7028ED26EBF2}.Debug|x86.Build.0 = Debug|Win32
		{ADC72C4E-3DBF-4367-A151-7028ED26EBF2}.Release|x64.ActiveCfg = Release|x64
		{ADC72C4E-3DBF-4367-A151-7028ED26EBF2}.Release|x64.Build.0 = Release|x64
		{ADC72C4E-3DBF-4367-A151-7028ED26EBF2}.Release|x86.ActiveCfg = Release|Win32
		{ADC72C4E-3DBF-4367-A151-7028ED26EBF2}.Release|x86.Build.0 = Release|Win32
		{72AEC9DF-A0E2-4793-B70E-8D248D5778D3}.Debug|x64.ActiveCfg = Debug|x64
		{72AEC9DF-A0E2-4793-B70E-8D248D5778D3}.Debug|x64.Build.0 = Debug|x64
		{72AEC9DF-A0E2-4793-B70E-8D248D5778D3}.Debug|x86.ActiveCfg = Debug|Win32
		{72AEC9DF-A0E2-4793-B70E-8D248D5778D3}.Debug|x86.Build.0 = Debug|Win32
		{72AEC9DF-A0E2-4793-B70E-8D248D5778D3}.Release|x64.ActiveCfg = Release|x64
		{72AEC9DF-A0E2-4793-B70E-8D248D5778D3}.Release|x64.Build.0 = Release|x64
		{72AEC9DF-A0E2-4793-B70E-8D248D5778D3}.Release|x86.ActiveCfg = Release|Win32
		{72AEC9DF-A0E2-4793-B70E-8D248D5778D3}.Release|x86.Build.0 = Release|Win32
		{8B541C08-D642-4148-874C-2F7F5102841B}.Debug|x64.ActiveCfg = Debug|x64
		{8B541C08-D642-4148-874C-2F7F5102841B}.Debug|x64.Build.0 = Debug|x64
		{8B541C08-D642-4148-874C-2F7F5102841B}.Debug|x86.ActiveCfg = Debug|Win32
		{8B541C08-D642-4148-874C-2F7F5102841B}.Debug|x86.Build.0 = Debug|Win32
		{8B541C08-D642-4148-874C-2F7F5102841B}.Release|x64.ActiveCfg = Release|x64
		{8B541C08-D642-4148-874C-2F7F5102841B}.Release|x64.Build.0 = Release|x64
		{8B541C08-D642-4148-874C-2F7F5102841B}.Release|x86.ActiveCfg = Release|Win32
		{8B541C08-D642-4148-874C-2F7F5102841B}.Release|x86.Build.0 = Release|Win32
		{66B04D4A-292A-4DF0-A45E-0B7075CC0CFE}.Debug|x64.ActiveCfg = Debug|x64
		{66B04D4A-292A-4DF0-A45E-0B7075CC0CFE}.Debug|x64.Build.0 = Debug|x64
		{66B04D4A-292A-4DF0-A45E-0B7075CC0CFE}.Debug|x86.ActiveCfg = Debug|Win32
		{66B04D4A-292A-4DF0-A45E-0B7075CC0CFE}.Debug|x86.Build.0 = Debug|Win32
		{66B04D4A-292A-4DF0-A45E-0B7075CC0CFE}.Release|x64.ActiveCfg = Release|x64
		{66B04D4A-292A-4DF0-A45E-0B7075CC0CFE}.Release|x64.Build.0 = Release|x64
		{66B04D4A-292A-4DF0-A45E-0B7075CC0CFE}.Release|x86.ActiveCfg = Release|Win32
		{66B04D4A-292A-4DF0-A45E-0B7075CC0CFE}.Release|x86.Build.0 = Release|Win32
		{65E7ED94-F7F9-44B8-B71F-7B721E0B6096}.Debug|x64.ActiveCfg = Debug|x64
		{65E7ED94-F7F9-44B8-B71F-7B721E0B6096}.Debug|x64.Build.0 = Debug|x64
		{65E7ED94-F7F9-44B8-B71F-7B721E0B6096}.Debug|x86.ActiveCfg = Debug|Win32
		{65E7ED94-F7F9-44B8-B71F-7B721E0B6096}.Debug|x86.Build.0 = Debug|Win32
		{65E7ED94-F7F9-44B8-B71F-7B721E0B6096}.Release|x64.ActiveCfg = Release|x64
		{65E7ED94-F7F9-44B8-B71F-7B721E0B6096}.Release|x64.Build.0 = Release|x64
		{65E7ED94-F7F9-44B8-B71F-7B721E0B6096}.Release|x86.ActiveCfg = Release|Win32
		{65E7ED94-F7F9-44B8-B71F-7B721E0B6096}.Release|x86.Build.0 = Release|Win32
		{EEFB43B6-F14D-4E61-8DB9-3B44BFCF06A1}.Debug|x64.ActiveCfg = Debug|x64
		{EEFB43B6-F14D-4E61-8DB9-3B44BFCF06A1}.Debug|x64.Build.0 = Debug|x64
		{EEFB43B6-F14D-4E61-8DB9-3B44BFCF06A1}.Debug|x86.ActiveCfg = Debug|Win32
		{EEFB43B6-F14D-4E61-8DB9-3B44BFCF06A1}.Debug|x86.Build.0 = Debug|Win32
		{EEFB43B6-F14D-4E61-8DB9-3B44BFCF06A1}.Release|x64.ActiveCfg = Release|x64
		{EEFB43B6-F14D-4E61-8DB9-3B44BFCF06A1}.Release|x64.Build.0 = Release|x64
		{EEFB43B6-F14D-4E61-8DB9-3B44BFCF06A1}.Release|x86.ActiveCfg = Release|Win32
		{EEFB43B6-F14D-4E61-8DB9-3B44BFCF06A1}.Release|x86.Build.0 = Release|Win32
		{B0DFC6D0-BCB7-4047-B912-8B75AD0EE7EB}.Debug|x64.ActiveCfg = Debug|x64
		{B0DFC6D0-BCB7-4047-B912-8B75AD0EE7EB}.Debug|x64.Build.0 = Debug|x64
		{B0DFC6D0-BCB7-4047-B912-8B75AD0EE7EB}.Debug|x86.ActiveCfg = Debug|Win32
		{B0DFC6D0-BCB7-4047-B912-8B75AD0EE7EB}.Debug|x86.Build.0 = Debug|Win32
		{B0DFC6D0-BCB7-4047-B912-8B75AD0EE7EB}.Release|x64.ActiveCfg = Release|x64
		{B0DFC6D0-BCB7-4047-B912-8B75AD0EE7EB}.Release|x64.Build.0 = Release|x64
		{B0DFC6D0-BCB7-4047-B912-8B75AD0EE7EB}.Release|x86.ActiveCfg = Release|Win32
		{B0DFC6D0-BCB7-4047-B912-8B75AD0EE7EB}.Release|x86.Build.0 = Release|Win32
		{71F3C5B2-09A1-4DC7-836C-403B61BD4AEA}.Debug|x64.ActiveCfg = Debug|x64
		{71F3C5B2-09A1-4DC7-836C-403B61BD4AEA}.Debug|x64.Build.0 = Debug|x64
		{71F3C5B2-09A1-4DC7-836C-403B61BD4AEA}.Debug|x86.ActiveCfg = Debug|Win32
		{71F3C5B2-09A1-4DC7-836C-403B61BD4AEA}.Debug|x86.Build.0 = Debug|Win32
		{71F3C5B2-09A1-4DC7-836C-403B61BD4AEA}.Release|x64.ActiveCfg = Release|x64
		{71F3C5B2-09A1-4DC7-836C-403B61BD4AEA}.Release|x64.Build.0 = Release|x64
		{71F3C5B2-09A1-4DC7-836C-403B61BD4AEA}.Release|x86.ActiveCfg = Release|Win32
		{71F3C5B2-09A1-4DC7-836C-403B61BD4AEA}.Release|x86.Build.0 = Release|Win32
		{11FDF65E-C4F0-4261-9111-D5C86602CEC2}.Debug|x64.ActiveCfg = Debug|x64
		{11FDF65E-C4F0-4261-9111-D5C86602CEC2}.Debug|x64.Build.0 = Debug|x64
		{11FDF65E-C4F0-4261-9111-D5C86602CEC2}.Debug|x86.ActiveCfg = Debug|Win32
		{11FDF65E-C4F0-4261-9111-D5C86602CEC2}.Debug|x86.Build.0 = Debug|Win32
		{11FDF65E-C4F0-4261-9111-D5C86602CEC2}.Release|x64.ActiveCfg = Release|x64
		{11FDF65E-C4F0-4261-9111-D5C86602CEC2}.Release|x64.Build.0 = Release|x64
		{11FDF65E-C4F0-4261-9111-D5C86602CEC2}.Release|x86.ActiveCfg = Release|Win32
		{11FDF65E-C4F0-4261-9111-D5C86602CEC2}.Release|x86.Build.0 = Release|Win32
		{15B760A4-6091-42C9-A57F-5273B679E8B9}.Debug|x64.ActiveCfg = Debug|x64
		{15B760A4-6091-42C9-A57F-5273B679E8B9}.Debug|x64.Build.0 = Debug|x64
		{15B760A4-6091-42C9-A57F-5273B679E8B9}.Debug|x86.ActiveCfg = Debug|Win32
		{15B760A4-6091-42C9-A57F-5273B679E8B9}.Debug|x86.Build.0 = Debug|Win32
		{15B760A4-6091-42C9-A57F-5273B679E8B9}.Release|x64.ActiveCfg = Release|x64
		{15B760A4-6091-42C9-A57F-5273B679E8B9}.Release|x64.Build.0 = Release|x64
		{15B760A4-6091-42C9-A57F-5273B679E8B9}.Release|x86.ActiveCfg = Release|Win32
		{15B760A4-6091-42C9-A57F-5273B679E8B9}.Release|x86.Build.0 = Release|Win32
		{22ADA96D-9A59-4904-BF9E-757A15E01E8D}.Debug|x64.ActiveCfg = Debug|x64
		{22ADA96D-9A59-4904-BF9E-757A15E01E8D}.Debug|x64.Build.0 = Debug|x64
		{22ADA96D-9A59-4904-BF9E-757A15E01E8D}.Debug|x86.ActiveCfg = Debug|Win32
		{22ADA96D-9A59-4904-BF9E-757A15E01E8D}.Debug|x86.Build.0 = Debug|Win32
		{22ADA96D-9A59-4904-BF9E-757A15E01E8D}.Release|x64.ActiveCfg = Release|x64
		{22ADA96D-9A59-4904-BF9E-757A15E01E8D}.Release|x64.Build.0 = Release|x64
		{22ADA96D-9A59-4904-BF9E-757A15E01E8D}.Release|x86.ActiveCfg = Release|Win32
		{22ADA96D-9A59-4904-BF9E-757A15E01E8D}.Release|x86.Build.0 = Release|Win32
		{A6EFCCC6-874A-4E86-B43D-EFA8083816B3}.Debug|x64.ActiveCfg = Debug|x64
		{A6EFCCC6-874A-4E86-B43D-EFA8083816B3}.Debug|x64.Build.0 = Debug|x64
		{A6EFCCC6-874A-4E86-B43D-EFA8083816B3}.Debug|x86.ActiveCfg = Debug|Win32
		{A6EFCCC6-874A-4E86-B43D-EFA8083816B3}.Debug|x86.Build.0 = Debug|Win32
		{A6EFCCC6-874A-4E86-B43D-EFA8083816B3}.Release|x64.ActiveCfg = Release|x64
		{A6EFCCC6-874A-4E86-B43D-EFA8083816B3}.Release|x64.Build.0 = Release|x64
		{A6EFCCC6-874A-4E86-B43D-EFA8083816B3}.Release|x86.ActiveCfg = Release|Win32
		{A6EFCCC6-874A-4E86-B43D-EFA8083816B3}.Release|x86.Build.0 = Release|Win32
		{716CAD2E-7696-4079-B8BE-F124E32E5049}.Debug|x64.ActiveCfg = Debug|x64
		{716CAD2E-7696-4079-B8BE-F124E32E5049}.Debug|x64.Build.0 = Debug|x64
		{716CAD2E-7696-4079-B8BE-F124E32E5049}.Debug|x86.ActiveCfg = Debug|Win32
		{716CAD2E-7696-4079-B8BE-F124E32E5049}.Debug|x86.Build.0 = Debug|Win32
		{716CAD2E-7696-4079-B8BE-F124E32E5049}.Release|x64.ActiveCfg = Release|x64
		{716CAD2E-7696-4079-B8BE-F124E32E5049}.Release|x64.Build.0 = Release|x64
		{716CAD2E-7696-4079-B8BE-F124E32E5049}.Release|x86.ActiveCfg = Release|Win32
		{716CAD2E-7696-4079-B8BE-F124E32E5049}.Release|x86.Build.0 = Release|Win32
		{B06CC8AD-350A-4579-97D7-22C51C61398E}.Debug|x64.ActiveCfg = Debug|x64
		{B06CC8AD-350A-4579-97D7-22C51C61398E}.Debug|x64.Build.0 = Debug|x64
		{B06CC8AD-350A-4579-97D7-22C51C61398E}.Debug|x86.ActiveCfg = Debug|Win32
		{B06CC8AD-350A-4579-97D7-22C51C61398E}.Debug|x86.Build.0 = Debug|Win32
		{B06CC8AD-350A-4579-97D7-22C51C61398E}.Release|x64.ActiveCfg = Release|x64
		{B06CC8AD-350A-4579-97D7-22C51C61398E}.Release|x64.Build.0 = Release|x64
		{B06CC8AD-350A-4579-97D7-22C51C61398E}.Release|x86.ActiveCfg = Release|Win32
		{B06CC8AD-350A-4579-97D7-22C51C61398E}.Release|x86.Build.0 = Release|Win32
		{028C8693-960B-41DA-BA01-5AFC5BD20172}.Debug|x64.ActiveCfg = Debug|x64
		{028C8693-960B-41DA-BA01-5AFC5BD20172}.Debug|x64.Build.0 = Debug|x64
		{028C8693-960B-41DA-BA01-5AFC5BD20172}.Debug|x86.ActiveCfg = Debug|Win32
		{028C8693-960B-41DA-BA01-5AFC5BD20172}.Debug|x86.Build.0 = Debug|Win32
		{028C8693-960B-41DA-BA01-5AFC5BD20172}.Release|x64.ActiveCfg = Release|x64
		{028C8693-960B-41DA-BA01-5AFC5BD20172}.Release|x64.Build.0 = Release|x64
		{028C8693-960B-41DA-BA01-5AFC5BD20172}.Release|x86.ActiveCfg = Release|Win32
		{028C8693-960B-41DA-BA01-5AFC5BD20172}.Release|x86.Build.0 = Release|Win32
		{AE833E29-AEFE-4465-A7E9-9039045456F8}.Debug|x64.ActiveCfg = Debug|x64
		{AE833E29-AEFE-4465-A7E9-9039045456F8}.Debug|x64.Build.0 = Debug|x64
		{AE833E29-AEFE-4465-A7E9-9039045456F8}.Debug|x86.ActiveCfg = Debug|Win32
		{AE833E29-AEFE-4465-A7E9-9039045456F8}.Debug|x86.Build.0 = Debug|Win32
		{AE833E29-AEFE-4465-A7E9-9039045456F8}.Release|x64.ActiveCfg = Release|x64
		{AE833E29-AEFE-4465-A7E9-9039045456F8}.Release|x64.Build.0 = Release|x64
		{AE833E29-AEFE-4465-A7E9-9039045456F8}.Release|x86.ActiveCfg = Release|Win32
		{AE833E29-AEFE-4465-A7E9-9039045456F8}.Release|x86.Build.0 = Release|Win32
		{5F4218F6-2A82-4092-87C1-8D0A256F95A8}.Debug|x64.ActiveCfg = Debug|x64
		{5F4218F6-2A82-4092-87C1-8D0A256F95A8}.Debug|x64.Build.0 = Debug|x64
		{5F4218F6-2A82-4092-87C1-8D0A256F95A8}.Debug|x86.ActiveCfg = Debug|Win32
		{5F4218F6-2A82-4092-87C1-8D0A256F95A8}.Debug|x86.Build.0 = Debug|Win32
		{5F4218F6-2A82-4092-87C1-8D0A256F95A8}.Release|x64.ActiveCfg = Release|x64
		{5F4218F6-2A82-4092-87C1-8D0A256F95A8}.Release|x64.Build.0 = Release|x64
		{5F4218F6-2A82-4092-87C1-8D0A256F95A8}.Release|x86.ActiveCfg = Release|Win32
		{5F4218F6-2A82-4092-87C1-8D0A256F95A8}.Release|x86.Build.0 = Release|Win32
		{6D08A677-07F3-43B1-8370-8724D6725ABF}.Debug|x64.ActiveCfg = Debug|x64
		{6D08A677-07F3-43B1-8370-8724D6725ABF}.Debug|x64.Build.0 = Debug|x64
		{6D08A677-07F3-43B1-8370-8724D6725ABF}.Debug|x86.ActiveCfg = Debug|Win32
		{6D08A677-07F3-43B1-8370-8724D6725ABF}.Debug|x86.Build.0 = Debug|Win32
		{6D08A677-07F3-43B1-8370-8724D6725ABF}.Release|x64.ActiveCfg = Release|x64
		{6D08A677-07F3-43B1-8370-8724D6725ABF}.Release|x64.Build.0 = Release|x64
		{6D08A677-07F3-43B1-8370-8724D6725ABF}.Release|x86.ActiveCfg = Release|Win32
		{6D08A677-07F3-43B1-8370-8724D6725ABF}.Release|x86.Build.0 = Release|Win32
		{664B8C0A-6DA6-42B8-A566-05CA3240F952}.Debug|x64.ActiveCfg = Debug|x64
		{664B8C0A-6DA6-42B8-A566-05CA3240F952}.Debug|x64.Build.0 = Debug|x64
		{664B8C0A-6DA6-42B8-A566-05CA3240F952}.Debug|x86.ActiveCfg = Debug|Win32
		{664B8C0A-6DA6-42B8-A566-05CA3240F952}.Debug|x86.Build.0 = Debug|Win32
		{664B8C0A-6DA6-42B8-A566-05CA3240F952}.Release|x64.ActiveCfg = Release|x64
		{664B8C0A-6DA6-42B8-A566-05CA3240F952}.Release|x64.Build.0 = Release|x64
		{664B8C0A-6DA6-42B8-A566-05CA3240F952}.Release|x86.ActiveCfg = Release|Win32
		{664B8C0A-6DA6-42B8-A566-05CA3240F952}.Release|x86.Build.0 = Release|Win32
		{69DD3F95-FDAD-4D35-B10B-3C483C5FC5A8}.Debug|x64.ActiveCfg = Debug|x64
		{69DD3F95-FDAD-4D35-B10B-3C483C5FC5A8}.Debug|x64.Build.0 = Debug|x64
		{69DD3F95-FDAD-4D35-B10B-3C483C5FC5A8}.Debug|x86.ActiveCfg = Debug|Win32
		{69DD3F95-FDAD-4D35-B10B-3C483C5FC5A8}.Debug|x86.Build.0 = Debug|Win32
		{69DD3F95-FDAD-4D35-B10B-3C483C5FC5A8}.Release|x64.ActiveCfg = Release|x64
		{69DD3F95-FDAD-4D35-B10B-3C483C5FC5A8}.Release|x64.Build.0 = Release|x64
		{69DD3F95-FDAD-4D35-B10B-3C483C5FC5A8}.Release|x86.ActiveCfg = Release|Win32
		{69DD3F95-FDAD-4D35-B10B-3C483C5FC5A8}.Release|x86.Build.0 = Release|Win32
		{C9366FF4-B922-43D0-9F9C-95099192BEEC}.Debug|x64.ActiveCfg = Debug|x64
		{C9366FF4-B922-43D0-9F9C-95099192BEEC}.Debug|x64.Build.0 = Debug|x64
		{C9366FF4-B922-43D0-9F9C-95099192BEEC}.Debug|x86.ActiveCfg = Debug|Win32
		{C9366FF4-B922-43D0-9F9C-95099192BEEC}.Debug|x86.Build.0 = Debug|Win32
		{C9366FF4-B922-43D0-9F9C-95099192BEEC}.Release|x64.ActiveCfg = Release|x64
		{C9366FF4-B922-43D0-9F9C-95099192BEEC}.Release|x64.Build.0 = Release|x64
		{C9366FF4-B922-43D0-9F9C-95099192BEEC}.Release|x86.ActiveCfg = Release|Win32
		{C9366FF4-B922-43D0-9F9C-95099192BEEC}.Release|x86.Build.0 = Release|Win32
		{B6B756CC-0C0A-447D-8AA0-22D5C373522A}.Debug|x64.ActiveCfg = Debug|x64
		{B6B756CC-0C0A-447D-8AA0-22D5C373522A}.Debug|x64.Build.0 = Debug|x64
		{B6B756CC-0C0A-447D-8AA0-22D5C373522A}.Debug|x86.ActiveCfg = Debug|Win32
		{B6B756CC-0C0A-447D-8AA0-22D5C373522A}.Debug|x86.Build.0 = Debug|Win32
		{B6B756CC-0C0A-447D-8AA0-22D5C373522A}.Release|x64.ActiveCfg = Release|x64
		{B6B756CC-0C0A-447D-8AA0-22D5C373522A}.Release|x64.Build.0 = Release|x64
		{B6B756CC-0C0A-447D-8AA0-22D5C373522A}.Release|x86.ActiveCfg = Release|Win32
		{B6B756CC-0C0A-447D-8AA0-22D5C373522A}.Release|x86.Build.0 = Release|Win32
		{EF20FE39-1637-4625-9C6A-4F3CA33C6320}.Debug|x64.ActiveCfg = Debug|x64
		{EF20FE39-1637-4625-9C6A-4F3CA33C6320}.Debug|x64.Build.0 = Debug|x64
		{EF20FE39-1637-4625-9C6A-4F3CA33C6320}.Debug|x86.ActiveCfg = Debug|Win32
		{EF20FE39-1637-4625-9C6A-4F3CA33C6320}.Debug|x86.Build.0 = Debug|Win32
		{EF20FE39-1637-4625-9C6A-4F3CA33C6320}.Release|x64.ActiveCfg = Release|x64
		{EF20FE39-1637-4625-9C6A-4F3CA33C6320}.Release|x64.Build.0 = Release|x64
		{EF20FE39-1637-4625-9C6A-4F3CA33C6320}.Release|x86.ActiveCfg = Release|Win32
		{EF20FE39-1637-4625-9C6A-4F3CA33C6320}.Release|x86.Build.0 = Release|Win32
		{E440B29A-043C-407D-8531-5B61A1BAFF64}.Debug|x64.ActiveCfg = Debug|x64
		{E440B29A-043C-407D-8531-5B61A1BAFF64}.Debug|x64.Build.0 = Debug|x64
		{E440B29A-043C-407D-8531-5B61A1BAFF64}.Debug|x86.ActiveCfg = Debug|Win32
		{E440B29A-043C-407D-8531-5B61A1BAFF64}.Debug|x86.Build.0 = Debug|Win32
		{E440B29A-043C-407D-8531-5B61A1BAFF64}.Release|x64.ActiveCfg = Release|x64
		{E440B29A-043C-407D-8531-5B61A1BAFF64}.Release|x64.Build.0 = Release|x64
		{E440B29A-043C-407D-8531-5B61A1BAFF64}.Release|x86.ActiveCfg = Release|Win32
		{E440B29A-043C-407D-8531-5B61A1BAFF64}.Release|x86.Build.0 = Release|Win32
		{403075A4-968E-4BFE-82BD-94068C6026A3}.Debug|x64.ActiveCfg = Debug|x64
		{403075A4-968E-4BFE-82BD-94068C6026A3}.Debug|x64.Build.0 = Debug|x64
		{403075A4-968E-4BFE-82BD-94068C6026A3}.Debug|x86.ActiveCfg = Debug|Win32
		{403075A4-968E-4BFE-82BD-94068C6026A3}.Debug|x86.Build.0 = Debug|Win32
		{403075A4-968E-4BFE-82BD-94068C6026A3}.Release|x64.ActiveCfg = Release|x64
		{403075A4-968E-4BFE-82BD-94068C6026A3}.Release|x64.Build.0 = Release|x64
		{403075A4-968E-4BFE-82BD-94068C6026A3}.Release|x86.ActiveCfg = Release|Win32
		{403075A4-968E-4BFE-82BD-94068C6026A3}.Release|x86.Build.0 = Release|Win32
		{9E5FED97-F509-4F09-BCC8-EE81ED2C985B}.Debug|x64.ActiveCfg = Debug|x64
		{9E5FED97-F509-4F09-BCC8-EE81ED2C985B}.Debug|x64.Build.0 = Debug|x64
		{9E5FED97-F509-4F09-BCC8-EE81ED2C985B}.Debug|x86.ActiveCfg = Debug|Win32
		{9E5FED97-F509-4F09-BCC8-EE81ED2C985B}.Debug|x86.Build.0 = Debug|Win32
		{9E5FED97-F509-4F09-BCC8-EE81ED2C985B}.Release|x64.ActiveCfg = Release|x64
		{9E5FED97-F509-4F09-BCC8-EE81ED2C985B}.Release|x64.Build.0 = Release|x64
		{9E5FED97-F509-4F09-BCC8-EE81ED2C985B}.Release|x86.ActiveCfg = Release|Win32
		{9E5FED97-F509-4F09-BCC8-EE81ED2C985B}.Release|x86.Build.0 = Release|Win32
		{32F20156-412D-4EA9-A9A0-C105B79A920F}.Debug|x64.ActiveCfg = Debug|x64
		{32F20156-412D-4EA9-A9A0-C105B79A920F}.Debug|x64.Build.0 = Debug|x64
		{32F20156-412D-4EA9-A9A0-C105B79A920F}.Debug|x86.ActiveCfg = Debug|Win32
		{32F20156-412D-4EA9-A9A0-C105B79A920F}.Debug|x86.Build.0 = Debug|Win32
		{32F20156-412D-4EA9-A9A0-C105B79A920F}.Release|x64.ActiveCfg = Release|x64
		{32F20156-412D-4EA9-A9A0-C105B79A920F}.Release|x64.Build.0 = Release|x64
		{32F20156-412D-4EA9-A9A0-C105B79A920F}.Release|x86.ActiveCfg = Release|Win32
		{32F20156-412D-4EA9-A9A0-C105B79A920F}.Release|x86.Build.0 = Release|Win32
		{1B0440E2-860A-43FC-BC91-4F06B360C0E2}.Debug|x64.ActiveCfg = Debug|x64
		{1B0440E2-860A-43FC-BC91-4F06B360C0E2}.Debug|x64.Build.0 = Debug|x64
		{1B0440E2-860A-43FC-BC91-4F06B360C0E2}.Debug|x86.ActiveCfg = Debug|Win32
		{1B0440E2-860A-43FC-BC91-4F06B360C0E2}.Debug|x86.Build.0 = Debug|Win32
		{1B0440E2-860A-43FC-BC91-4F06B360C0E2}.Release|x64.ActiveCfg = Release|x64
		{1B0440E2-860A-43FC-BC91-4F06B360C0E2}.Release|x64.Build.0 = Release|x64
		{1B0440E2-860A-43FC-BC91-4F06B360C0E2}.Release|x86.ActiveCfg = Release|Win32
		{1B0440E2-860A-43FC-BC91-4F06B360C0E2}.Release|x86.Build.0 = Release|Win32
		{2717CA76-5159-444B-B992-88EF4A04112C}.Debug|x64.ActiveCfg = Debug|x64
		{2717CA76-5159-444B-B992-88EF4A04112C}.Debug|x64.Build.0 = Debug|x64
		{2717CA76-5159-444B-B992-88EF4A04112C}.Debug|x86.ActiveCfg = Debug|Win32
		{2717CA76-5159-444B-B992-88EF4A04112C}.Debug|x86.Build.0 = Debug|Win32
		{2717CA76-5159-444B-B992-88EF4A04112C}.Release|x64.ActiveCfg = Release|x64
		{2717CA76-5159-444B-B992-88EF4A04112C}.Release|x64.Build.0 = Release|x64
		{2717CA76-5159-444B-B992-88EF4A04112C}.Release|x86.ActiveCfg = Release|Win32
		{2717CA76-5159-444B-B992-88EF4A04112C}.Release|x86.Build.0 = Release|Win32
		{02DAC77D-AAD2-439B-A31D-201E3747174A}.Debug|x64.ActiveCfg = Debug|x64
		{02DAC77D-AAD2-439B-A31D-201E3747174A}.Debug|x64.Build.0 = Debug|x64
		{02DAC77D-AAD2-439B-A31D-201E3747174A}.Debug|x86.ActiveCfg = Debug|Win32
		{02DAC77D-AAD2-439B-A31D-201E3747174A}.Debug|x86.Build.0 = Debug|Win32
		{02DAC77D-AAD2-439B-A31D-201E3747174A}.Release|x64.ActiveCfg = Release|x64
		{02DAC77D-AAD2-439B-A31D-201E3747174A}.Release|x64.Build.0 = Release|x64
		{02DAC77D-AAD2-439B-A31D-201E3747174A}.Release|x86.ActiveCfg = Release|Win32
		{02DAC77D-AAD2-439B-A31D-201E3747174A}.Release|x86.Build.0 = Release|Win32
		{B60C231D-A038-4EBF-A642-1CEAA92EEA70}.Debug|x64.ActiveCfg = Debug|x64
		{B60C231D-A038-4EBF-A642-1CEAA92EEA70}.Debug|x64.Build.0 = Debug|x64
		{B60C231D-A038-4EBF-A642-1CEAA92EEA70}.Debug|x86.ActiveCfg = Debug|Win32
		{B60C231D-A038-4EBF-A642-1CEAA92EEA70}.Debug|x86.Build.0 = Debug|Win32
		{B60C231D-A038-4EBF-A642-1CEAA92EEA70}.Release|x64.ActiveCfg = Release|x64
		{B60C231D-A038-4EBF-A642-1CEAA92EEA70}.Release|x64.Build.0 = Release|x64
		{B60C231D-A038-4EBF-A642-1CEAA92EEA70}.Release|x86.ActiveCfg = Release|Win32
		{B60C231D-A038-4EBF-A642-1CEAA92EEA70}.Release|x86.Build.0 = Release|Win32
		{95BAAB60-FCBB-4C33-8CA0-CED9987D9572}.Debug|x64.ActiveCfg = Debug|x64
		{95BAAB60-FCBB-4C33-8CA0-CED9987D9572}.Debug|x64.Build.0 = Debug|x64
		{95BAAB60-FCBB-4C33-8CA0-CED9987D9572}.Debug|x86.ActiveCfg = Debug|Win32
		{95BAAB60-FCBB-4C33-8CA0-CED9987D9572}.Debug|x86.Build.0 = Debug|Win32
		{95BAAB60-FCBB-4C33-8CA0-CED9987D9572}.Release|x64.ActiveCfg = Release|x64
		{95BAAB60-FCBB-4C33-8CA0-CED9987D9572}.Release|x64.Build.0 = Release|x64
		{95BAAB60-FCBB-4C33-8CA0-CED9987D9572}.Release|x86.ActiveCfg = Release|Win32
		{95BAAB60-FCBB-4C33-8CA0-CED9987D9572}.Release|x86.Build.0 = Release|Win32
		{1E91FFCD-45E2-4C36-8A04-B09A3059DFC6}.Debug|x64.ActiveCfg = Debug|x64
		{1E91FFCD-45E2-4C36-8A04-B09A3059DFC6}.Debug|x64.Build.0 = Debug|x64
		{1E91FFCD-45E2-4C36-8A04-B09A3059DFC6}.Debug|x86.ActiveCfg = Debug|Win32
		{1E91FFCD-45E2-4C36-8A04-B09A3059DFC6}.Debug|x86.Build.0 = Debug|Win32
		{1E91FFCD-45E2-4C36-8A04-B09A3059DFC6}.Release|x64.ActiveCfg = Release|x64
		{1E91FFCD-45E2-4C36-8A04-B09A3059DFC6}.Release|x64.Build.0 = Release|x64
		{1E91FFCD-45E2-4C36-8A04-B09A3059DFC6}.Release|x86.ActiveCfg = Release|Win32
		{1E91FFCD-45E2-4C36-8A04-B09A3059DFC6}.Release|x86.Build.0 = Release|Win32
		{A9AECA26-471A-4ABA-918F-20C05DEB83AA}.Debug|x64.ActiveCfg = Debug|x64
		{A9AECA26-471A-4ABA-918F-20C05DEB83AA}.Debug|x64.Build.0 = Debug|x64
		{A9AECA26-471A-4ABA-918F-20C05DEB83AA}.Debug|x86.ActiveCfg = Debug|Win32
		{A9AECA26-471A-4ABA-918F-20C05DEB83AA}.Debug|x86.Build.0 = Debug|Win32
		{A9AECA26-471A-4ABA-918F-20C05DEB83AA}.Release|x64.ActiveCfg = Release|x64
		{A9AECA26-471A-4ABA-918F-20C05DEB83AA}.Release|x64.Build.0 = Release|x64
		{A9AECA26-471A-4ABA-918F-20C05DEB83AA}.Release|x86.ActiveCfg = Release|Win32
		{A9AECA26-471A-4ABA-918F-20C05DEB83AA}.Release|x86.Build.0 = Release|Win32
		{1D71CCFE-2F95-457E-B58A-25D2F09A2003}.Debug|x64.ActiveCfg = Debug|x64
		{1D71CCFE-2F95-457E-B58A-25D2F09A2003}.Debug|x64.Build.0 = Debug|x64
		{1D71CCFE-2F95-457E-B58A-25D2F09A2003}.Debug|x86.ActiveCfg = Debug|Win32
		{1D71CCFE-2F95-457E-B58A-25D2F09A2003}.Debug|x86.Build.0 = Debug|Win32
		{1D71CCFE-2F95-457E-B58A-25D2F09A2003}.Release|x64.ActiveCfg = Release|x64
		{1D71CCFE-2F95-457E-B58A-25D2F09A2003}.Release|x64.Build.0 = Release|x64
		{1D71CCFE-2F95-457E-B58A-25D2F09A2003}.Release|x86.ActiveCfg = Release|Win32
		{1D71CCFE-2F95-457E-B58A-25D2F09A2003}.Release|x86.Build.0 = Release|Win32
		{AF24071C-5C6B-48C8-BFF6-8562F39CFECA}.Debug|x64.ActiveCfg = Debug|x64
		{AF24071C-5C6B-48C8-BFF6-8562F39CFECA}.Debug|x64.Build.0 = Debug|x64
		{AF24071C-5C6B-48C8-BFF6-8562F39CFECA}.Debug|x86.ActiveCfg = Debug|Win32
		{AF24071C-5C6B-48C8-BFF6-8562F39CFECA}.Debug|x86.Build.0 = Debug|Win32
		{AF24071C-5C6B-48C8-BFF6-8562F39CFECA}.Release|x64.ActiveCfg = Release|x64
		{AF24071C-5C6B-48C8-BFF6-8562F39CFECA}.Release|x64.Build.0 = Release|x64
		{AF24071C-5C6B-48C8-BFF6-8562F39CFECA}.Release|x86.ActiveCfg = Release|Win32
		{AF24071C-5C6B-48C8-BFF6-8562F39CFECA}.Release|x86.Build.0 = Release|Win32
		{92F85B95-6EC6-430B-8234-8EB2772B8626}.Debug|x64.ActiveCfg = Debug|x64
		{92F85B95-6EC6-430B-8234-8EB2772B8626}.Debug|x64.Build.0 = Debug|x64
		{92F85B95-6EC6-430B-8234-8EB2772B8626}.Debug|x86.ActiveCfg = Debug|Win32
		{92F85B95-6EC6-430B-8234-8EB2772B8626}.Debug|x86.Build.0 = Debug|Win32
		{92F85B95-6EC6-430B-8234-8EB2772B8626}.Release|x64.ActiveCfg = Release|x64
		{92F85B95-6EC6-430B-8234-8EB2772B8626}.Release|x64.Build.0 = Release|x64
		{92F85B95-6EC6-430B-8234-8EB2772B8626}.Release|x86.ActiveCfg = Release|Win32
		{92F85B95-6EC6-430B-8234-8EB2772B8626}.Release|x86.Build.0 = Release|Win32
		{F01F3232-0A88-44E5-8CD6-10278A4537DC}.Debug|x64.ActiveCfg = Debug|x64
		{F01F3232-0A88-44E5-8CD6-10278A4537DC}.Debug|x64.Build.0 = Debug|x64
		{F01F3232-0A88-44E5-8CD6-10278A4537DC}.Debug|x86.ActiveCfg = Debug|Win32
		{F01F3232-0A88-44E5-8CD6-10278A4537DC}.Debug|x86.Build.0 = Debug|Win32
		{F01F3232-0A88-44E5-8CD6-10278A4537DC}.Release|x64.ActiveCfg = Release|x64
		{F01F3232-0A88-44E5-8CD6-10278A4537DC}.Release|x64.Build.0 = Release|x64
		{F01F3232-0A88-44E5-8CD6-10278A4537DC}.Release|x86.ActiveCfg = Release|Win32
		{F01F3232-0A88-44E5-8CD6-10278A4537DC}.Release|x86.Build.0 = Release|Win32
		{658F21CC-135A-4CB6-8125-17E8A5EE25EC}.Debug|x64.ActiveCfg = Debug|x64
		{658F21CC-135A-4CB6-8125-17E8A5EE25EC}.Debug|x64.Build.0 = Debug|x64
		{658F21CC-135A-4CB6-8125-17E8A5EE25EC}.Debug|x86.ActiveCfg = Debug|Win32
		{658F21CC-135A-4CB6-8125-17E8A5EE25EC}.Debug|x86.Build.0 = Debug|Win32
		{658F21CC-135A-4CB6-8125-17E8A5EE25EC}.Release|x64.ActiveCfg = Release|x64
		{658F21CC-135A-4CB6-8125-17E8A5EE25EC}.Release|x64.Build.0 = Release|x64
		{658F21CC-135A-4CB6-8125-17E8A5EE25EC}.Release|x86.ActiveCfg = Release|Win32
		{658F21CC-135A-4CB6-8125-17E8A5EE25EC}.Release|x86.Build.0 = Release|Win32
		{971ADC49-B7A3-41E8-B349-477178755C2A}.Debug|x64.ActiveCfg = Debug|x64
		{971ADC49-B7A3-41E8-B349-477178755C2A}.Debug|x64.Build.0 = Debug|x64
		{971ADC49-B7A3-41E8-B349-477178755C2A}.Debug|x86.ActiveCfg = Debug|Win32
		{971ADC49-B7A3-41E8-B349-477178755C2A}.Debug|x86.Build.0 = Debug|Win32
		{971ADC49-B7A3-41E8-B349-477178755C2A}.Release|x64.ActiveCfg = Release|x64
		{971ADC49-B7A3-41E8-B349-477178755C2A}.Release|x64.Build.0 = Release|x64
		{971ADC49-B7A3-41E8-B349-477178755C2A}.Release|x86.ActiveCfg = Release|Win32
		{971ADC49-B7A3-41E8-B349-477178755C2A}.Release|x86.Build.0 = Release|Win32
		{304D36E2-D2FB-4C73-B46A-399B8376D466}.Debug|x64.ActiveCfg = Debug|x64
		{304D36E2-D2FB-4C73-B46A-399B8376D466}.Debug|x64.Build.0 = Debug|x64
		{304D36E2-D2FB-4C73-B46A-399B8376D466}.Debug|x86.ActiveCfg = Debug|Win32
		{304D36E2-D2FB-4C73-B46A-399B8376D466}.Debug|x86.Build.0 = Debug|Win32
		{304D36E2-D2FB-4C73-B46A-399B8376D466}.Release|x64.ActiveCfg = Release|x64
		{304D36E2-D2FB-4C73-B46A-399B8376D466}.Release|x64.Build.0 = Release|x64
		{304D36E2-D2FB-4C73-B46A-399B8376D466}.Release|x86.ActiveCfg = Release|Win32
		{304D36E2-D2FB-4C73-B46A-399B8376D466}.Release|x86.Build.0 = Release|Win32
		{0A3FD74E-C518-4E3F-84C3-D2EF66941657}.Debug|x64.ActiveCfg = Debug|x64
		{0A3FD74E-C518-4E3F-84C3-D2EF66941657}.Debug|x64.Build.0 = Debug|x64
		{0A3FD74E-C518-4E3F-84C3-D2EF66941657}.Debug|x86.ActiveCfg = Debug|Win32
		{0A3FD74E-C518-4E3F-84C3-D2EF66941657}.Debug|x86.Build.0 = Debug|Win32
		{0A3FD74E-C518-4E3F-84C3-D2EF66941657}.Release|x64.ActiveCfg = Release|x64
		{0A3FD74E-C518-4E3F-84C3-D2EF66941657}.Release|x64.Build.0 = Release|x64
		{0A3FD74E-C518-4E3F-84C3-D2EF66941657}.Release|x86.ActiveCfg = Release|Win32
		{0A3FD74E-C518-4E3F-84C3-D2EF66941657}.Release|x86.Build.0 = Release|Win32
		{4339230D-F065-43F8-B257-385B5F2A9C40}.Debug|x64.ActiveCfg = Debug|x64
		{4339230D-F065-43F8-B257-385B5F2A9C40}.Debug|x64.Build.0 = Debug|x64
		{4339230D-F065-43F8-B257-385B5F2A9C40}.Debug|x86.ActiveCfg = Debug|Win32
		{4339230D-F065-43F8-B257-385B5F2A9C40}.Debug|x86.Build.0 = Debug|Win32
		{4339230D-F065-43F8-B257-385B5F2A9C40}.Release|x64.ActiveCfg = Release|x64
		{4339230D-F065-43F8-B257-385B5F2A9C40}.Release|x64.Build.0 = Release|x64
		{4339230D-F065-43F8-B257-385B5F2A9C40}.Release|x86.ActiveCfg = Release|Win32
		{4339230D-F065-43F8-B257-385B5F2A9C40}.Release|x86.Build.0 = Release|Win32
	EndGlobalSection
	GlobalSection(SolutionProperties) = preSolution
		HideSolutionNode = FALSE
	EndGlobalSection
	GlobalSection(ExtensibilityGlobals) = postSolution
		SolutionGuid = {D46ACF3D-D117-481E-A4BF-8EDBC3FDEB90}
	EndGlobalSection
EndGlobal
